
Microsoft Visual Studio Solution File, Format Version 12.00
# Visual Studio Version 16
VisualStudioVersion = 16.0.30804.86
MinimumVisualStudioVersion = 10.0.40219.1
Project("{FAE04EC0-301F-11D3-BF4B-00C04F79EFBC}") = "Trash_Collector", "Trash_Collector\Trash_Collector.csproj", "{534BD6A7-C625-483A-9E2A-DDD8178B5679}"
EndProject
Global
	GlobalSection(SolutionConfigurationPlatforms) = preSolution
		Debug|Any CPU = Debug|Any CPU
		Release|Any CPU = Release|Any CPU
	EndGlobalSection
	GlobalSection(ProjectConfigurationPlatforms) = postSolution
		{534BD6A7-C625-483A-9E2A-DDD8178B5679}.Debug|Any CPU.ActiveCfg = Debug|Any CPU
		{534BD6A7-C625-483A-9E2A-DDD8178B5679}.Debug|Any CPU.Build.0 = Debug|Any CPU
		{534BD6A7-C625-483A-9E2A-DDD8178B5679}.Release|Any CPU.ActiveCfg = Release|Any CPU
		{534BD6A7-C625-483A-9E2A-DDD8178B5679}.Release|Any CPU.Build.0 = Release|Any CPU
	EndGlobalSection
	GlobalSection(SolutionProperties) = preSolution
		HideSolutionNode = FALSE
	EndGlobalSection
	GlobalSection(ExtensibilityGlobals) = postSolution
		SolutionGuid = {21558FC1-8836-4C91-99D1-3AE5AD857BE0}
	EndGlobalSection
EndGlobal
